# This file is automatically @generated by Cargo.
# It is not intended for manual editing.
version = 4

[[package]]
name = "alloc-no-stdlib"
version = "2.0.4"
source = "registry+https://github.com/rust-lang/crates.io-index"
checksum = "cc7bb162ec39d46ab1ca8c77bf72e890535becd1751bb45f64c597edb4c8c6b3"

[[package]]
name = "autocfg"
version = "1.4.0"
source = "registry+https://github.com/rust-lang/crates.io-index"
checksum = "ace50bade8e6234aa140d9a2f552bbee1db4d353f69b8217bc503490fc1a9f26"

[[package]]
name = "bit_field"
version = "0.10.2"
source = "registry+https://github.com/rust-lang/crates.io-index"
checksum = "dc827186963e592360843fb5ba4b973e145841266c1357f7180c43526f2e5b61"

[[package]]
name = "bitflags"
version = "1.3.2"
source = "registry+https://github.com/rust-lang/crates.io-index"
checksum = "bef38d45163c2f1dde094a7dfd33ccf595c92905c8f8f4fdc18d06fb1037718a"

[[package]]
name = "bitflags"
version = "2.9.0"
source = "registry+https://github.com/rust-lang/crates.io-index"
checksum = "5c8214115b7bf84099f1309324e63141d4c5d7cc26862f97a0a857dbefe165bd"

[[package]]
name = "bitvec"
version = "1.0.1"
source = "registry+https://github.com/rust-lang/crates.io-index"
checksum = "1bc2832c24239b0141d5674bb9174f9d68a8b5b3f2753311927c172ca46f7e9c"
dependencies = [
 "funty",
 "radium",
 "tap",
 "wyz",
]

[[package]]
name = "boot_services"
version = "2.2.1"
source = "registry+https://github.com/rust-lang/crates.io-index"
checksum = "599ff74516317986a565593c15073bfbbedd1396a048e31b5fc2ef27576a3f2f"
dependencies = [
 "r-efi",
 "uefi_protocol 2.2.1",
]

[[package]]
name = "boot_services"
version = "3.0.0"
source = "registry+https://github.com/rust-lang/crates.io-index"
checksum = "d51a6625c6809bb8855314236c26df65e02bafaacc8a3da4d9736eea28a5bd23"
dependencies = [
 "r-efi",
 "uefi_protocol 3.0.0",
]

[[package]]
name = "brotli-decompressor"
version = "4.0.2"
source = "registry+https://github.com/rust-lang/crates.io-index"
checksum = "74fa05ad7d803d413eb8380983b092cbbaf9a85f151b871360e7b00cd7060b37"
dependencies = [
 "alloc-no-stdlib",
]

[[package]]
name = "cfg-if"
version = "1.0.0"
source = "registry+https://github.com/rust-lang/crates.io-index"
checksum = "baf1de4339761588bc0619e3cbc0120ee582ebb74b53b4efbf79117bd2da40fd"

[[package]]
name = "crc32fast"
version = "1.4.2"
source = "registry+https://github.com/rust-lang/crates.io-index"
checksum = "a97769d94ddab943e4510d138150169a2758b5ef3eb191a9ee688de3e23ef7b3"
dependencies = [
 "cfg-if",
]

[[package]]
name = "driver_binding"
version = "2.2.1"
source = "registry+https://github.com/rust-lang/crates.io-index"
checksum = "3b4f18c9e7c9a9074fc303f230ad1ff09fbe49b26ada121e7a6b5e1e1f2f027d"
dependencies = [
 "boot_services 2.2.1",
 "log",
 "r-efi",
 "uefi_protocol 2.2.1",
]

[[package]]
name = "driver_binding"
version = "3.0.0"
source = "registry+https://github.com/rust-lang/crates.io-index"
checksum = "7aeea0fba22ea8914c1ad3018d07b291fe777e3717ffb03c9d6eb54592ed9c89"
dependencies = [
 "boot_services 3.0.0",
 "log",
 "r-efi",
 "uefi_protocol 3.0.0",
]

[[package]]
name = "dxe_readiness_capture"
version = "0.1.0"
dependencies = [
 "cfg-if",
 "log",
 "mu_pi",
 "section_extractor",
 "stacktrace",
 "uefi_sdk 3.0.0",
]

[[package]]
name = "dxe_readiness_validator"
version = "0.1.0"
dependencies = [
 "log",
]

[[package]]
name = "fallible-streaming-iterator"
version = "0.1.9"
source = "registry+https://github.com/rust-lang/crates.io-index"
checksum = "7360491ce676a36bf9bb3c56c1aa791658183a54d2744120f27285738d90465a"

[[package]]
name = "fixedbitset"
version = "0.5.7"
source = "registry+https://github.com/rust-lang/crates.io-index"
checksum = "1d674e81391d1e1ab681a28d99df07927c6d4aa5b027d7da16ba32d1d21ecd99"

[[package]]
name = "funty"
version = "2.0.0"
source = "registry+https://github.com/rust-lang/crates.io-index"
checksum = "e6d5a32815ae3f33302d95fdcb2ce17862f8c65363dcfd29360480ba1001fc9c"

[[package]]
name = "indoc"
version = "2.0.6"
source = "registry+https://github.com/rust-lang/crates.io-index"
checksum = "f4c7245a08504955605670dbf141fceab975f15ca21570696aebe9d2e71576bd"

[[package]]
name = "log"
version = "0.4.22"
source = "registry+https://github.com/rust-lang/crates.io-index"
checksum = "a7a70ba024b9dc04c27ea2f0c0548feb474ec5c54bba33a7f72f873a39d07b24"

[[package]]
name = "mu_pi"
version = "5.2.1"
source = "registry+https://github.com/rust-lang/crates.io-index"
checksum = "fe66bd7367419dd27a7efc7372ea0891fc84f8042b9f948861897261472075b5"
dependencies = [
 "indoc",
 "num-traits",
 "r-efi",
 "uuid",
]

[[package]]
name = "mu_rust_helpers"
version = "2.0.0"
source = "registry+https://github.com/rust-lang/crates.io-index"
checksum = "4f00f6c082db4b8113d7319f3174813cc3ed1bd0803f31d53b455aa85e5b4653"
dependencies = [
 "mu_uefi_decompress",
]

[[package]]
name = "mu_uefi_decompress"
version = "2.0.0"
source = "registry+https://github.com/rust-lang/crates.io-index"
checksum = "b328d77ce47a69115d9fd301189c9539338905e0ba8d3587b723d7ee5ab5c4c4"
dependencies = [
 "bitvec",
 "log",
]

[[package]]
name = "num-traits"
version = "0.2.19"
source = "registry+https://github.com/rust-lang/crates.io-index"
checksum = "071dfc062690e90b734c0b2273ce72ad0ffa95f0c74596bc250dcfd960262841"
dependencies = [
 "autocfg",
]

[[package]]
name = "proc-macro2"
version = "1.0.94"
source = "registry+https://github.com/rust-lang/crates.io-index"
checksum = "a31971752e70b8b2686d7e46ec17fb38dad4051d94024c88df49b667caea9c84"
dependencies = [
 "unicode-ident",
]

[[package]]
name = "quote"
version = "1.0.40"
source = "registry+https://github.com/rust-lang/crates.io-index"
checksum = "1885c039570dc00dcb4ff087a89e185fd56bae234ddc7f056a945bf36467248d"
dependencies = [
 "proc-macro2",
]

[[package]]
name = "r-efi"
version = "5.2.0"
source = "registry+https://github.com/rust-lang/crates.io-index"
checksum = "74765f6d916ee2faa39bc8e68e4f3ed8949b48cccdac59983d287a7cb71ce9c5"

[[package]]
name = "radium"
version = "0.7.0"
source = "registry+https://github.com/rust-lang/crates.io-index"
checksum = "dc33ff2d4973d518d823d61aa239014831e521c75da58e3df4840d3f47749d09"

[[package]]
name = "raw-cpuid"
version = "10.7.0"
source = "registry+https://github.com/rust-lang/crates.io-index"
checksum = "6c297679cb867470fa8c9f67dbba74a78d78e3e98d7cf2b08d6d71540f797332"
dependencies = [
 "bitflags 1.3.2",
]

[[package]]
name = "runtime_services"
version = "2.2.1"
source = "registry+https://github.com/rust-lang/crates.io-index"
checksum = "f688187b139a0e187f5f6dbf8aa43487eea72682a50825248ebc85dd5a02ada8"
dependencies = [
 "fallible-streaming-iterator",
 "r-efi",
]

[[package]]
name = "runtime_services"
version = "3.0.0"
source = "registry+https://github.com/rust-lang/crates.io-index"
checksum = "7521cc425acb67a88bd9bc393776177da9e99eb05712622a9c3ac1c61018c9ae"
dependencies = [
 "fallible-streaming-iterator",
 "r-efi",
]

[[package]]
name = "rustversion"
version = "1.0.20"
source = "registry+https://github.com/rust-lang/crates.io-index"
checksum = "eded382c5f5f786b989652c49544c4877d9f015cc22e145a5ea8ea66c2921cd2"

[[package]]
name = "section_extractor"
version = "9.3.1"
source = "registry+https://github.com/rust-lang/crates.io-index"
checksum = "9a9fd189f23d7f475dcaddeb2ea7bb228df7dc8c99f9539d7022f83d94ce63f5"
dependencies = [
 "alloc-no-stdlib",
 "brotli-decompressor",
 "crc32fast",
 "log",
 "mu_pi",
 "mu_rust_helpers",
 "r-efi",
 "uefi_sdk 2.2.1",
]

[[package]]
name = "stacktrace"
version = "9.3.1"
source = "registry+https://github.com/rust-lang/crates.io-index"
checksum = "3157852a46b83977096fca3919b39d277938ff1e35c320f9754f3c9e51263080"
dependencies = [
 "cfg-if",
 "log",
]

[[package]]
name = "syn"
version = "2.0.100"
source = "registry+https://github.com/rust-lang/crates.io-index"
checksum = "b09a44accad81e1ba1cd74a32461ba89dee89095ba17b32f5d03683b1b1fc2a0"
dependencies = [
 "proc-macro2",
 "quote",
 "unicode-ident",
]

[[package]]
name = "tap"
version = "1.0.1"
source = "registry+https://github.com/rust-lang/crates.io-index"
checksum = "55937e1799185b12863d447f42597ed69d9928686b8d88a1df17376a097d8369"

[[package]]
name = "tpl_mutex"
version = "2.2.1"
source = "registry+https://github.com/rust-lang/crates.io-index"
checksum = "21b835dba8e804e0bb953082a55869b150f6c41e5e26b7e4fbd148f004dd050e"
dependencies = [
 "boot_services 2.2.1",
 "r-efi",
]

[[package]]
name = "tpl_mutex"
version = "3.0.0"
source = "registry+https://github.com/rust-lang/crates.io-index"
checksum = "cba97f483e23a5c43106ed4d7778e67503d18698c4cf7de9660731a589cd8986"
dependencies = [
 "boot_services 3.0.0",
 "r-efi",
]

[[package]]
name = "uart_16550"
version = "0.3.2"
source = "registry+https://github.com/rust-lang/crates.io-index"
checksum = "e492212ac378a5e00da953718dafb1340d9fbaf4f27d6f3c5cab03d931d1c049"
dependencies = [
 "bitflags 2.9.0",
 "rustversion",
 "x86",
]

[[package]]
name = "uefi_protocol"
version = "2.2.1"
source = "registry+https://github.com/rust-lang/crates.io-index"
checksum = "28bdad1d5d4fca9683bdacd7a49dcad22be07709eb3e9fce5f885a7a4268dfa1"
dependencies = [
 "r-efi",
]

[[package]]
name = "uefi_protocol"
version = "3.0.0"
source = "registry+https://github.com/rust-lang/crates.io-index"
checksum = "09925516ff1ca3a511835c4696b157c72d81254d8d585f1a05298215d1af55ee"
dependencies = [
 "r-efi",
]

[[package]]
name = "uefi_sdk"
version = "2.2.1"
source = "registry+https://github.com/rust-lang/crates.io-index"
checksum = "dbc0d84c2c40e890f6a7b1f29c311fa27d5819e311055f4649c37b8234a3127f"
dependencies = [
 "boot_services 2.2.1",
 "driver_binding 2.2.1",
 "fixedbitset",
 "log",
 "mu_pi",
 "r-efi",
 "runtime_services 2.2.1",
 "tpl_mutex 2.2.1",
 "uart_16550",
 "uefi_protocol 2.2.1",
 "uefi_sdk_macro 2.2.1",
 "x86_64",
]

[[package]]
name = "uefi_sdk"
version = "3.0.0"
source = "registry+https://github.com/rust-lang/crates.io-index"
checksum = "9e0f7475478bed1f158c27aca17cba8d44e077d5885e4749274b09bf53d76d5a"
dependencies = [
 "boot_services 3.0.0",
 "driver_binding 3.0.0",
 "fixedbitset",
 "log",
 "mu_pi",
 "r-efi",
 "runtime_services 3.0.0",
 "tpl_mutex 3.0.0",
 "uart_16550",
 "uefi_protocol 3.0.0",
 "uefi_sdk_macro 3.0.0",
 "x86_64",
]

[[package]]
name = "uefi_sdk_macro"
version = "2.2.1"
source = "registry+https://github.com/rust-lang/crates.io-index"
checksum = "10dfa18aaecd26041d71b65acb21b6a8fc884a4c6b4356fa3d8186296d85558b"
dependencies = [
 "proc-macro2",
 "quote",
 "syn",
 "uuid",
]

[[package]]
name = "uefi_sdk_macro"
version = "3.0.0"
source = "registry+https://github.com/rust-lang/crates.io-index"
checksum = "fe3de390f32df6e42111cba90421ff221cd519df22c300f0a15ddb12f99db8b1"
dependencies = [
 "proc-macro2",
 "quote",
 "syn",
 "uuid",
]

[[package]]
name = "unicode-ident"
version = "1.0.18"
source = "registry+https://github.com/rust-lang/crates.io-index"
checksum = "5a5f39404a5da50712a4c1eecf25e90dd62b613502b7e925fd4e4d19b5c96512"

[[package]]
name = "uuid"
version = "1.16.0"
source = "registry+https://github.com/rust-lang/crates.io-index"
checksum = "458f7a779bf54acc9f347480ac654f68407d3aab21269a6e3c9f922acd9e2da9"

[[package]]
name = "volatile"
version = "0.4.6"
source = "registry+https://github.com/rust-lang/crates.io-index"
checksum = "442887c63f2c839b346c192d047a7c87e73d0689c9157b00b53dcc27dd5ea793"

[[package]]
name = "wyz"
version = "0.5.1"
source = "registry+https://github.com/rust-lang/crates.io-index"
checksum = "05f360fc0b24296329c78fda852a1e9ae82de9cf7b27dae4b7f62f118f77b9ed"
dependencies = [
 "tap",
]

[[package]]
name = "x86"
version = "0.52.0"
source = "registry+https://github.com/rust-lang/crates.io-index"
checksum = "2781db97787217ad2a2845c396a5efe286f87467a5810836db6d74926e94a385"
dependencies = [
 "bit_field",
 "bitflags 1.3.2",
 "raw-cpuid",
]

[[package]]
name = "x86_64"
version = "0.14.12"
source = "registry+https://github.com/rust-lang/crates.io-index"
checksum = "96cb6fd45bfeab6a5055c5bffdb08768bd0c069f1d946debe585bbb380a7c062"
dependencies = [
 "bit_field",
 "bitflags 2.9.0",
 "rustversion",
 "volatile",
]
